
Microsoft Visual Studio Solution File, Format Version 12.00
# Visual Studio Version 17
VisualStudioVersion = 17.11.35208.52
MinimumVisualStudioVersion = 10.0.40219.1
Project("{9A19103F-16F7-4668-BE54-9A1E7A4F7556}") = "DBTestingProject", "DBTestingProject\DBTestingProject.csproj", "{2C1837CB-792A-497B-8BAF-DDFF9BC8534C}"
EndProject
Project("{FAE04EC0-301F-11D3-BF4B-00C04F79EFBC}") = "DbTestingProject.Tests", "DbTestingProject.Tests\DbTestingProject.Tests.csproj", "{9DF0F564-6893-476F-B070-2D5C704B648C}"
EndProject
Global
	GlobalSection(SolutionConfigurationPlatforms) = preSolution
		Debug|Any CPU = Debug|Any CPU
		Release|Any CPU = Release|Any CPU
	EndGlobalSection
	GlobalSection(ProjectConfigurationPlatforms) = postSolution
		{2C1837CB-792A-497B-8BAF-DDFF9BC8534C}.Debug|Any CPU.ActiveCfg = Debug|Any CPU
		{2C1837CB-792A-497B-8BAF-DDFF9BC8534C}.Debug|Any CPU.Build.0 = Debug|Any CPU
		{2C1837CB-792A-497B-8BAF-DDFF9BC8534C}.Release|Any CPU.ActiveCfg = Release|Any CPU
		{2C1837CB-792A-497B-8BAF-DDFF9BC8534C}.Release|Any CPU.Build.0 = Release|Any CPU
		{9DF0F564-6893-476F-B070-2D5C704B648C}.Debug|Any CPU.ActiveCfg = Debug|Any CPU
		{9DF0F564-6893-476F-B070-2D5C704B648C}.Debug|Any CPU.Build.0 = Debug|Any CPU
		{9DF0F564-6893-476F-B070-2D5C704B648C}.Release|Any CPU.ActiveCfg = Release|Any CPU
		{9DF0F564-6893-476F-B070-2D5C704B648C}.Release|Any CPU.Build.0 = Release|Any CPU
	EndGlobalSection
	GlobalSection(SolutionProperties) = preSolution
		HideSolutionNode = FALSE
	EndGlobalSection
	GlobalSection(ExtensibilityGlobals) = postSolution
		SolutionGuid = {D4CBD9DE-C7B9-4A4B-B96C-97AD00709894}
	EndGlobalSection
EndGlobal
